header:
  version: 14
repos:
  bitbake:
    branch: master
    commit: b54600e37073a83be1d0490bb16039df73f09c83
    url: https://github.com/openembedded/bitbake
  meta-audioreach:
    branch: master
    commit: 1e91ad67c8c6a62cee4ef92761f022a459d1aa8a
    url: https://github.com/AudioReach/meta-audioreach
  meta-openembedded:
    branch: master
    commit: 0bc67b61ca52e85a5a882d809ba0c98d21cceac8
    url: https://github.com/openembedded/meta-openembedded
  meta-qcom:
    branch: master
    commit: 678d9b8ef56c0f48af8527af86c557bacca0593b
    url: https://github.com/qualcomm-linux/meta-qcom
  meta-qcom-distro:
    branch: main
    commit: 7b8c20153b11bd4ede24b735a8a5527edf1d4d6e
    url: https://github.com/qualcomm-linux/meta-qcom-distro
  meta-security:
    branch: master
    commit: 9e6d962250aab6e5319215f15b0201ef233c46cd
    url: https://git.yoctoproject.org/meta-security
  meta-selinux:
    branch: master
    commit: 27758bca5ad8f74f387de5cc7c88e73ef2aed951
    url: https://git.yoctoproject.org/meta-selinux
  meta-updater:
    branch: master
    commit: 671d459917f140db7edf56295aa4dce8a743ea73
    url: https://github.com/uptane/meta-updater
  meta-virtualization:
    branch: master
    commit: ebe61f2aee8afe4caaa0e2327b8a02c0ded4e330
    url: https://git.yoctoproject.org/git/meta-virtualization
  oe-core:
    branch: master
    commit: 57fe3e411faec8cc60853f2e499661f9ede4f453
    url: https://github.com/openembedded/openembedded-core
