header:
  version: 14
repos:
  bitbake:
    branch: master
    commit: d9700632bd6b627d1124fdc83ddf7bfb4199228d
    url: https://github.com/openembedded/bitbake
  meta-audioreach:
    branch: master
    commit: b11d2a0e9018820d822fdd9217f6e2da890ba1ae
    url: https://github.com/AudioReach/meta-audioreach
  meta-openembedded:
    branch: master
    commit: e19775fba85e966d482ac7bee933754863e3acfe
    url: https://github.com/openembedded/meta-openembedded
  meta-qcom:
    branch: master
    commit: 49bc2113adb0b86d463c311d32d4fb1007fe4845
    url: https://github.com/qualcomm-linux/meta-qcom
  meta-qcom-distro:
    branch: main
    commit: 062201e74e5331b1e4053aa1f716f3077d7b2c6f
    url: https://github.com/qualcomm-linux/meta-qcom-distro
  meta-security:
    branch: master
    commit: 9e6d962250aab6e5319215f15b0201ef233c46cd
    url: https://git.yoctoproject.org/meta-security
  meta-selinux:
    branch: master
    commit: 27758bca5ad8f74f387de5cc7c88e73ef2aed951
    url: https://git.yoctoproject.org/meta-selinux
  meta-updater:
    branch: master
    commit: 8ef3734055e7ffbf34df557db68e41fe418662f7
    url: https://github.com/uptane/meta-updater
  meta-virtualization:
    branch: master
    commit: 30c5d74db7489b5938453bfcd3ef9151704e2bd0
    url: https://git.yoctoproject.org/git/meta-virtualization
  meta-yocto:
    branch: master
    commit: 2486ce2889062500e39446bc07c7d21120a0345e
    url: https://git.yoctoproject.org/meta-yocto
  oe-core:
    branch: master
    commit: 74ba238ff1ba1e9b612aece1989b828f3a8f8770
    url: https://github.com/openembedded/openembedded-core
